
Microsoft Visual Studio Solution File, Format Version 12.00
# Visual Studio Version 16
VisualStudioVersion = 16.0.28922.388
MinimumVisualStudioVersion = 10.0.40219.1
Project("{9A19103F-16F7-4668-BE54-9A1E7A4F7556}") = "Honey", "Honey\Honey.csproj", "{51A31358-5499-4743-A8DA-1C707DE9695C}"
EndProject
Project("{9A19103F-16F7-4668-BE54-9A1E7A4F7556}") = "HoneyLibrary", "HoneyLibrary\HoneyLibrary.csproj", "{449C7A8B-2EEB-4A2D-94E8-BA114DA252C2}"
EndProject
Project("{9A19103F-16F7-4668-BE54-9A1E7A4F7556}") = "ZipArchiveExtensions", "ZipArchiveExtensions\ZipArchiveExtensions.csproj", "{444AC76A-B5AB-4EDC-A881-0E26AB983565}"
EndProject
Project("{9A19103F-16F7-4668-BE54-9A1E7A4F7556}") = "HoneyLibraryTest", "HoneyLibraryTest\HoneyLibraryTest.csproj", "{98331A3A-70E3-43A2-B66F-FC8CA09745E8}"
EndProject
Project("{9A19103F-16F7-4668-BE54-9A1E7A4F7556}") = "MyApplicationExample", "MyApplicationExample\MyApplicationExample.csproj", "{3B7C8DC9-C1F0-4551-9D77-7ECD2C8D941A}"
EndProject
Project("{9A19103F-16F7-4668-BE54-9A1E7A4F7556}") = "MyApplicationExampleTest", "MyApplicationExampleTest\MyApplicationExampleTest.csproj", "{AE5E91C3-F6F3-4A34-806A-6083F19D1ACE}"
EndProject
Project("{930C7802-8A8C-48F9-8165-68863BCCD9DD}") = "Setup", "Setup\Setup.wixproj", "{1DC8E1F9-F1A3-417B-9D11-5CC0FCB71BEC}"
EndProject
Global
	GlobalSection(SolutionConfigurationPlatforms) = preSolution
		Debug|Any CPU = Debug|Any CPU
		Debug|x86 = Debug|x86
		Release|Any CPU = Release|Any CPU
		Release|x86 = Release|x86
	EndGlobalSection
	GlobalSection(ProjectConfigurationPlatforms) = postSolution
		{51A31358-5499-4743-A8DA-1C707DE9695C}.Debug|Any CPU.ActiveCfg = Debug|Any CPU
		{51A31358-5499-4743-A8DA-1C707DE9695C}.Debug|Any CPU.Build.0 = Debug|Any CPU
		{51A31358-5499-4743-A8DA-1C707DE9695C}.Debug|x86.ActiveCfg = Debug|Any CPU
		{51A31358-5499-4743-A8DA-1C707DE9695C}.Debug|x86.Build.0 = Debug|Any CPU
		{51A31358-5499-4743-A8DA-1C707DE9695C}.Release|Any CPU.ActiveCfg = Release|Any CPU
		{51A31358-5499-4743-A8DA-1C707DE9695C}.Release|Any CPU.Build.0 = Release|Any CPU
		{51A31358-5499-4743-A8DA-1C707DE9695C}.Release|x86.ActiveCfg = Release|Any CPU
		{51A31358-5499-4743-A8DA-1C707DE9695C}.Release|x86.Build.0 = Release|Any CPU
		{449C7A8B-2EEB-4A2D-94E8-BA114DA252C2}.Debug|Any CPU.ActiveCfg = Debug|Any CPU
		{449C7A8B-2EEB-4A2D-94E8-BA114DA252C2}.Debug|Any CPU.Build.0 = Debug|Any CPU
		{449C7A8B-2EEB-4A2D-94E8-BA114DA252C2}.Debug|x86.ActiveCfg = Debug|Any CPU
		{449C7A8B-2EEB-4A2D-94E8-BA114DA252C2}.Debug|x86.Build.0 = Debug|Any CPU
		{449C7A8B-2EEB-4A2D-94E8-BA114DA252C2}.Release|Any CPU.ActiveCfg = Release|Any CPU
		{449C7A8B-2EEB-4A2D-94E8-BA114DA252C2}.Release|Any CPU.Build.0 = Release|Any CPU
		{449C7A8B-2EEB-4A2D-94E8-BA114DA252C2}.Release|x86.ActiveCfg = Release|Any CPU
		{449C7A8B-2EEB-4A2D-94E8-BA114DA252C2}.Release|x86.Build.0 = Release|Any CPU
		{444AC76A-B5AB-4EDC-A881-0E26AB983565}.Debug|Any CPU.ActiveCfg = Debug|Any CPU
		{444AC76A-B5AB-4EDC-A881-0E26AB983565}.Debug|Any CPU.Build.0 = Debug|Any CPU
		{444AC76A-B5AB-4EDC-A881-0E26AB983565}.Debug|x86.ActiveCfg = Debug|Any CPU
		{444AC76A-B5AB-4EDC-A881-0E26AB983565}.Debug|x86.Build.0 = Debug|Any CPU
		{444AC76A-B5AB-4EDC-A881-0E26AB983565}.Release|Any CPU.ActiveCfg = Release|Any CPU
		{444AC76A-B5AB-4EDC-A881-0E26AB983565}.Release|Any CPU.Build.0 = Release|Any CPU
		{444AC76A-B5AB-4EDC-A881-0E26AB983565}.Release|x86.ActiveCfg = Release|Any CPU
		{444AC76A-B5AB-4EDC-A881-0E26AB983565}.Release|x86.Build.0 = Release|Any CPU
		{98331A3A-70E3-43A2-B66F-FC8CA09745E8}.Debug|Any CPU.ActiveCfg = Debug|Any CPU
		{98331A3A-70E3-43A2-B66F-FC8CA09745E8}.Debug|Any CPU.Build.0 = Debug|Any CPU
		{98331A3A-70E3-43A2-B66F-FC8CA09745E8}.Debug|x86.ActiveCfg = Debug|Any CPU
		{98331A3A-70E3-43A2-B66F-FC8CA09745E8}.Debug|x86.Build.0 = Debug|Any CPU
		{98331A3A-70E3-43A2-B66F-FC8CA09745E8}.Release|Any CPU.ActiveCfg = Release|Any CPU
		{98331A3A-70E3-43A2-B66F-FC8CA09745E8}.Release|Any CPU.Build.0 = Release|Any CPU
		{98331A3A-70E3-43A2-B66F-FC8CA09745E8}.Release|x86.ActiveCfg = Release|Any CPU
		{98331A3A-70E3-43A2-B66F-FC8CA09745E8}.Release|x86.Build.0 = Release|Any CPU
		{3B7C8DC9-C1F0-4551-9D77-7ECD2C8D941A}.Debug|Any CPU.ActiveCfg = Debug|Any CPU
		{3B7C8DC9-C1F0-4551-9D77-7ECD2C8D941A}.Debug|Any CPU.Build.0 = Debug|Any CPU
		{3B7C8DC9-C1F0-4551-9D77-7ECD2C8D941A}.Debug|x86.ActiveCfg = Debug|Any CPU
		{3B7C8DC9-C1F0-4551-9D77-7ECD2C8D941A}.Debug|x86.Build.0 = Debug|Any CPU
		{3B7C8DC9-C1F0-4551-9D77-7ECD2C8D941A}.Release|Any CPU.ActiveCfg = Release|Any CPU
		{3B7C8DC9-C1F0-4551-9D77-7ECD2C8D941A}.Release|Any CPU.Build.0 = Release|Any CPU
		{3B7C8DC9-C1F0-4551-9D77-7ECD2C8D941A}.Release|x86.ActiveCfg = Release|Any CPU
		{3B7C8DC9-C1F0-4551-9D77-7ECD2C8D941A}.Release|x86.Build.0 = Release|Any CPU
		{AE5E91C3-F6F3-4A34-806A-6083F19D1ACE}.Debug|Any CPU.ActiveCfg = Debug|Any CPU
		{AE5E91C3-F6F3-4A34-806A-6083F19D1ACE}.Debug|Any CPU.Build.0 = Debug|Any CPU
		{AE5E91C3-F6F3-4A34-806A-6083F19D1ACE}.Debug|x86.ActiveCfg = Debug|Any CPU
		{AE5E91C3-F6F3-4A34-806A-6083F19D1ACE}.Debug|x86.Build.0 = Debug|Any CPU
		{AE5E91C3-F6F3-4A34-806A-6083F19D1ACE}.Release|Any CPU.ActiveCfg = Release|Any CPU
		{AE5E91C3-F6F3-4A34-806A-6083F19D1ACE}.Release|Any CPU.Build.0 = Release|Any CPU
		{AE5E91C3-F6F3-4A34-806A-6083F19D1ACE}.Release|x86.ActiveCfg = Release|Any CPU
		{AE5E91C3-F6F3-4A34-806A-6083F19D1ACE}.Release|x86.Build.0 = Release|Any CPU
		{1DC8E1F9-F1A3-417B-9D11-5CC0FCB71BEC}.Debug|Any CPU.ActiveCfg = Debug|x86
		{1DC8E1F9-F1A3-417B-9D11-5CC0FCB71BEC}.Debug|Any CPU.Build.0 = Debug|x86
		{1DC8E1F9-F1A3-417B-9D11-5CC0FCB71BEC}.Debug|x86.ActiveCfg = Debug|x86
		{1DC8E1F9-F1A3-417B-9D11-5CC0FCB71BEC}.Debug|x86.Build.0 = Debug|x86
		{1DC8E1F9-F1A3-417B-9D11-5CC0FCB71BEC}.Release|Any CPU.ActiveCfg = Release|x86
		{1DC8E1F9-F1A3-417B-9D11-5CC0FCB71BEC}.Release|Any CPU.Build.0 = Release|x86
		{1DC8E1F9-F1A3-417B-9D11-5CC0FCB71BEC}.Release|x86.ActiveCfg = Release|x86
		{1DC8E1F9-F1A3-417B-9D11-5CC0FCB71BEC}.Release|x86.Build.0 = Release|x86
	EndGlobalSection
	GlobalSection(SolutionProperties) = preSolution
		HideSolutionNode = FALSE
	EndGlobalSection
	GlobalSection(ExtensibilityGlobals) = postSolution
		SolutionGuid = {244B821B-7BE5-49D9-9588-449ED816F4D2}
	EndGlobalSection
EndGlobal
